
Microsoft Visual Studio Solution File, Format Version 12.00
# Visual Studio 14
VisualStudioVersion = 14.0.25420.1
MinimumVisualStudioVersion = 10.0.40219.1
Project("{FAE04EC0-301F-11D3-BF4B-00C04F79EFBC}") = "Caliburn.Micro.Training.Wpf", "Caliburn.Micro.Training.Wpf\Caliburn.Micro.Training.Wpf.csproj", "{43A7C80A-453C-4A8A-A01A-81EBC91A968F}"
EndProject
Project("{FAE04EC0-301F-11D3-BF4B-00C04F79EFBC}") = "Caliburn.Micro.Training.Infrastructure", "Caliburn.Micro.Training.Infrastructure.Persistence\Caliburn.Micro.Training.Infrastructure.csproj", "{A368C793-8ED7-4AC6-B9DA-2A9016040EAB}"
EndProject
Global
	GlobalSection(SolutionConfigurationPlatforms) = preSolution
		Debug|Any CPU = Debug|Any CPU
		Release|Any CPU = Release|Any CPU
	EndGlobalSection
	GlobalSection(ProjectConfigurationPlatforms) = postSolution
		{43A7C80A-453C-4A8A-A01A-81EBC91A968F}.Debug|Any CPU.ActiveCfg = Debug|Any CPU
		{43A7C80A-453C-4A8A-A01A-81EBC91A968F}.Debug|Any CPU.Build.0 = Debug|Any CPU
		{43A7C80A-453C-4A8A-A01A-81EBC91A968F}.Release|Any CPU.ActiveCfg = Release|Any CPU
		{43A7C80A-453C-4A8A-A01A-81EBC91A968F}.Release|Any CPU.Build.0 = Release|Any CPU
		{A368C793-8ED7-4AC6-B9DA-2A9016040EAB}.Debug|Any CPU.ActiveCfg = Debug|Any CPU
		{A368C793-8ED7-4AC6-B9DA-2A9016040EAB}.Debug|Any CPU.Build.0 = Debug|Any CPU
		{A368C793-8ED7-4AC6-B9DA-2A9016040EAB}.Release|Any CPU.ActiveCfg = Release|Any CPU
		{A368C793-8ED7-4AC6-B9DA-2A9016040EAB}.Release|Any CPU.Build.0 = Release|Any CPU
	EndGlobalSection
	GlobalSection(SolutionProperties) = preSolution
		HideSolutionNode = FALSE
	EndGlobalSection
EndGlobal
